{
  "R": {
    "Version": "4.4.2",
    "Repositories": [
      {
        "Name": "CRAN",
        "URL": "https://www.stats.bris.ac.uk/R"
      }
    ]
  },
  "Packages": {
    "renv": {
      "Package": "renv",
      "Version": "1.1.4",
      "OS_type": null,
      "Repository": "CRAN",
      "Source": "Repository"
    }
  }
}
